
Microsoft Visual Studio Solution File, Format Version 12.00
# Visual Studio Version 17
VisualStudioVersion = 17.11.35222.181
MinimumVisualStudioVersion = 10.0.40219.1
Project("{9A19103F-16F7-4668-BE54-9A1E7A4F7556}") = "WebApp", "WebApp\WebApp.csproj", "{D6876161-9093-4066-A33F-38AE2A046838}"
EndProject
Global
	GlobalSection(SolutionConfigurationPlatforms) = preSolution
		Debug|Any CPU = Debug|Any CPU
		Release|Any CPU = Release|Any CPU
	EndGlobalSection
	GlobalSection(ProjectConfigurationPlatforms) = postSolution
		{D6876161-9093-4066-A33F-38AE2A046838}.Debug|Any CPU.ActiveCfg = Debug|Any CPU
		{D6876161-9093-4066-A33F-38AE2A046838}.Debug|Any CPU.Build.0 = Debug|Any CPU
		{D6876161-9093-4066-A33F-38AE2A046838}.Release|Any CPU.ActiveCfg = Release|Any CPU
		{D6876161-9093-4066-A33F-38AE2A046838}.Release|Any CPU.Build.0 = Release|Any CPU
	EndGlobalSection
	GlobalSection(SolutionProperties) = preSolution
		HideSolutionNode = FALSE
	EndGlobalSection
	GlobalSection(ExtensibilityGlobals) = postSolution
		SolutionGuid = {6787B0D7-D27B-4DAF-B753-8DB90CE67EA5}
	EndGlobalSection
EndGlobal
